dependencies:
- name: keycloak
  repository: https://charts.bitnami.com/bitnami
  version: 24.3.0
- name: accounts
  repository: file://./charts/accounts
  version: 0.1.0
- name: oauth2proxy
  repository: file://./charts/oauth2proxy
  version: 0.1.0
- name: postgresql
  repository: https://charts.bitnami.com/bitnami
  version: 14.2.3
- name: blocker
  repository: file://./charts/blocker
  version: 0.1.0
- name: oauth2proxy
  repository: file://./charts/oauth2proxy
  version: 0.1.0
digest: sha256:187af3a53f5ee375d2c5c70d03591d889568658a53067ba5c627ec357db80673
generated: "2025-05-24T15:06:52.09223+03:00"
