dependencies:
- name: keycloak
  repository: https://charts.bitnami.com/bitnami
  version: 24.3.0
- name: kafka
  repository: oci://registry-1.docker.io/bitnamicharts
  version: 32.2.9
- name: accounts
  repository: file://./charts/accounts
  version: 0.1.0
- name: oauth2proxy
  repository: file://./charts/oauth2proxy
  version: 0.1.0
- name: postgresql
  repository: https://charts.bitnami.com/bitnami
  version: 14.2.3
- name: blocker
  repository: file://./charts/blocker
  version: 0.1.0
- name: oauth2proxy
  repository: file://./charts/oauth2proxy
  version: 0.1.0
- name: exchange
  repository: file://./charts/exchange
  version: 0.1.0
- name: oauth2proxy
  repository: file://./charts/oauth2proxy
  version: 0.1.0
- name: notifications
  repository: file://./charts/notifications
  version: 0.1.0
- name: oauth2proxy
  repository: file://./charts/oauth2proxy
  version: 0.1.0
- name: cash
  repository: file://./charts/cash
  version: 0.1.0
- name: oauth2proxy
  repository: file://./charts/oauth2proxy
  version: 0.1.0
- name: transfer
  repository: file://./charts/transfer
  version: 0.1.0
- name: oauth2proxy
  repository: file://./charts/oauth2proxy
  version: 0.1.0
- name: front
  repository: file://./charts/front
  version: 0.1.0
digest: sha256:da4079daf466c3ceadf188feca529de6596fb743929b4f151edd825602b58d0c
generated: "2025-05-29T10:51:21.245512+03:00"
